// !$*UTF8*$!
{
	archiveVersion = 1;
	classes = {
	};
	objectVersion = 46;
	objects = {

/* Begin PBXBuildFile section */
		920165B11B31A3FA009BDBD9 /* Test.m in Sources */ = {isa = PBXBuildFile; fileRef = 920165B01B31A3FA009BDBD9 /* Test.m */; };
		925517EF1B319B300000520D /* APIClient.h in CopyFiles */ = {isa = PBXBuildFile; fileRef = 925517EE1B319B300000520D /* APIClient.h */; };
		925517F11B319B300000520D /* APIClient.m in Sources */ = {isa = PBXBuildFile; fileRef = 925517F01B319B300000520D /* APIClient.m */; };
		925517F71B319B300000520D /* libAPIClient.a in Frameworks */ = {isa = PBXBuildFile; fileRef = 925517EB1B319B300000520D /* libAPIClient.a */; };
/* End PBXBuildFile section */

/* Begin PBXContainerItemProxy section */
		925517F81B319B300000520D /* PBXContainerItemProxy */ = {
			isa = PBXContainerItemProxy;
			containerPortal = 925517E31B319B300000520D /* Project object */;
			proxyType = 1;
			remoteGlobalIDString = 925517EA1B319B300000520D;
			remoteInfo = APIClient;
		};
/* End PBXContainerItemProxy section */

/* Begin PBXCopyFilesBuildPhase section */
		925517E91B319B300000520D /* CopyFiles */ = {
			isa = PBXCopyFilesBuildPhase;
			buildActionMask = 2147483647;
			dstPath = "include/$(PRODUCT_NAME)";
			dstSubfolderSpec = 16;
			files = (
				925517EF1B319B300000520D /* APIClient.h in CopyFiles */,
			);
			runOnlyForDeploymentPostprocessing = 0;
		};
/* End PBXCopyFilesBuildPhase section */

/* Begin PBXFileReference section */
		920165B01B31A3FA009BDBD9 /* Test.m */ = {isa = PBXFileReference; fileEncoding = 4; lastKnownFileType = sourcecode.c.objc; path = Test.m; sourceTree = "<group>"; };
		925517EB1B319B300000520D /* libAPIClient.a */ = {isa = PBXFileReference; explicitFileType = archive.ar; includeInIndex = 0; path = libAPIClient.a; sourceTree = BUILT_PRODUCTS_DIR; };
		925517EE1B319B300000520D /* APIClient.h */ = {isa = PBXFileReference; lastKnownFileType = sourcecode.c.h; path = APIClient.h; sourceTree = "<group>"; };
		925517F01B319B300000520D /* APIClient.m */ = {isa = PBXFileReference; lastKnownFileType = sourcecode.c.objc; path = APIClient.m; sourceTree = "<group>"; };
		925517F61B319B300000520D /* APIClientTests.xctest */ = {isa = PBXFileReference; explicitFileType = wrapper.cfbundle; includeInIndex = 0; path = APIClientTests.xctest; sourceTree = BUILT_PRODUCTS_DIR; };
		925517FC1B319B300000520D /* Info.plist */ = {isa = PBXFileReference; lastKnownFileType = text.plist.xml; path = Info.plist; sourceTree = "<group>"; };
/* End PBXFileReference section */

/* Begin PBXFrameworksBuildPhase section */
		925517E81B319B300000520D /* Frameworks */ = {
			isa = PBXFrameworksBuildPhase;
			buildActionMask = 2147483647;
			files = (
			);
			runOnlyForDeploymentPostprocessing = 0;
		};
		925517F31B319B300000520D /* Frameworks */ = {
			isa = PBXFrameworksBuildPhase;
			buildActionMask = 2147483647;
			files = (
				925517F71B319B300000520D /* libAPIClient.a in Frameworks */,
			);
			runOnlyForDeploymentPostprocessing = 0;
		};
/* End PBXFrameworksBuildPhase section */

/* Begin PBXGroup section */
		925517E21B319B300000520D = {
			isa = PBXGroup;
			children = (
				925517ED1B319B300000520D /* APIClient */,
				925517FA1B319B300000520D /* APIClientTests */,
				925517EC1B319B300000520D /* Products */,
			);
			sourceTree = "<group>";
		};
		925517EC1B319B300000520D /* Products */ = {
			isa = PBXGroup;
			children = (
				925517EB1B319B300000520D /* libAPIClient.a */,
				925517F61B319B300000520D /* APIClientTests.xctest */,
			);
			name = Products;
			sourceTree = "<group>";
		};
		925517ED1B319B300000520D /* APIClient */ = {
			isa = PBXGroup;
			children = (
				925517EE1B319B300000520D /* APIClient.h */,
				925517F01B319B300000520D /* APIClient.m */,
			);
			path = APIClient;
			sourceTree = "<group>";
		};
		925517FA1B319B300000520D /* APIClientTests */ = {
			isa = PBXGroup;
			children = (
				925517FB1B319B300000520D /* Supporting Files */,
			);
			path = APIClientTests;
			sourceTree = "<group>";
		};
		925517FB1B319B300000520D /* Supporting Files */ = {
			isa = PBXGroup;
			children = (
				925517FC1B319B300000520D /* Info.plist */,
				920165B01B31A3FA009BDBD9 /* Test.m */,
			);
			name = "Supporting Files";
			sourceTree = "<group>";
		};
/* End PBXGroup section */

/* Begin PBXNativeTarget section */
		925517EA1B319B300000520D /* APIClient */ = {
			isa = PBXNativeTarget;
			buildConfigurationList = 925517FF1B319B300000520D /* Build configuration list for PBXNativeTarget "APIClient" */;
			buildPhases = (
				925517E71B319B300000520D /* Sources */,
				925517E81B319B300000520D /* Frameworks */,
				925517E91B319B300000520D /* CopyFiles */,
			);
			buildRules = (
			);
			dependencies = (
			);
			name = APIClient;
			productName = APIClient;
			productReference = 925517EB1B319B300000520D /* libAPIClient.a */;
			productType = "com.apple.product-type.library.static";
		};
		925517F51B319B300000520D /* APIClientTests */ = {
			isa = PBXNativeTarget;
			buildConfigurationList = 925518021B319B300000520D /* Build configuration list for PBXNativeTarget "APIClientTests" */;
			buildPhases = (
				925517F21B319B300000520D /* Sources */,
				925517F31B319B300000520D /* Frameworks */,
				925517F41B319B300000520D /* Resources */,
			);
			buildRules = (
			);
			dependencies = (
				925517F91B319B300000520D /* PBXTargetDependency */,
			);
			name = APIClientTests;
			productName = APIClientTests;
			productReference = 925517F61B319B300000520D /* APIClientTests.xctest */;
			productType = "com.apple.product-type.bundle.unit-test";
		};
/* End PBXNativeTarget section */

/* Begin PBXProject section */
		925517E31B319B300000520D /* Project object */ = {
			isa = PBXProject;
			attributes = {
				LastUpgradeCheck = 0630;
				ORGANIZATIONNAME = "Anthony Foster";
				TargetAttributes = {
					925517EA1B319B300000520D = {
						CreatedOnToolsVersion = 6.3.2;
					};
					925517F51B319B300000520D = {
						CreatedOnToolsVersion = 6.3.2;
					};
				};
			};
			buildConfigurationList = 925517E61B319B300000520D /* Build configuration list for PBXProject "APIClient" */;
			compatibilityVersion = "Xcode 3.2";
			developmentRegion = English;
			hasScannedForEncodings = 0;
			knownRegions = (
				en,
			);
			mainGroup = 925517E21B319B300000520D;
			productRefGroup = 925517EC1B319B300000520D /* Products */;
			projectDirPath = "";
			projectRoot = "";
			targets = (
				925517EA1B319B300000520D /* APIClient */,
				925517F51B319B300000520D /* APIClientTests */,
			);
		};
/* End PBXProject section */

/* Begin PBXResourcesBuildPhase section */
		925517F41B319B300000520D /* Resources */ = {
			isa = PBXResourcesBuildPhase;
			buildActionMask = 2147483647;
			files = (
			);
			runOnlyForDeploymentPostprocessing = 0;
		};
/* End PBXResourcesBuildPhase section */

/* Begin PBXSourcesBuildPhase section */
		925517E71B319B300000520D /* Sources */ = {
			isa = PBXSourcesBuildPhase;
			buildActionMask = 2147483647;
			files = (
				925517F11B319B300000520D /* APIClient.m in Sources */,
			);
			runOnlyForDeploymentPostprocessing = 0;
		};
		925517F21B319B300000520D /* Sources */ = {
			isa = PBXSourcesBuildPhase;
			buildActionMask = 2147483647;
			files = (
				920165B11B31A3FA009BDBD9 /* Test.m in Sources */,
			);
			runOnlyForDeploymentPostprocessing = 0;
		};
/* End PBXSourcesBuildPhase section */

/* Begin PBXTargetDependency section */
		925517F91B319B300000520D /* PBXTargetDependency */ = {
			isa = PBXTargetDependency;
			target = 925517EA1B319B300000520D /* APIClient */;
			targetProxy = 925517F81B319B300000520D /* PBXContainerItemProxy */;
		};
/* End PBXTargetDependency section */

/* Begin XCBuildConfiguration section */
		925517FD1B319B300000520D /* Debug */ = {
			isa = XCBuildConfiguration;
			buildSettings = {
				ALWAYS_SEARCH_USER_PATHS = NO;
				CLANG_CXX_LANGUAGE_STANDARD = "gnu++0x";
				CLANG_CXX_LIBRARY = "libc++";
				CLANG_ENABLE_MODULES = YES;
				CLANG_ENABLE_OBJC_ARC = YES;
				CLANG_WARN_BOOL_CONVERSION = YES;
				CLANG_WARN_CONSTANT_CONVERSION = YES;
				CLANG_WARN_DIRECT_OBJC_ISA_USAGE = YES_ERROR;
				CLANG_WARN_EMPTY_BODY = YES;
				CLANG_WARN_ENUM_CONVERSION = YES;
				CLANG_WARN_INT_CONVERSION = YES;
				CLANG_WARN_OBJC_ROOT_CLASS = YES_ERROR;
				CLANG_WARN_UNREACHABLE_CODE = YES;
				CLANG_WARN__DUPLICATE_METHOD_MATCH = YES;
				COPY_PHASE_STRIP = NO;
				DEBUG_INFORMATION_FORMAT = "dwarf-with-dsym";
				ENABLE_STRICT_OBJC_MSGSEND = YES;
				GCC_C_LANGUAGE_STANDARD = gnu99;
				GCC_DYNAMIC_NO_PIC = NO;
				GCC_NO_COMMON_BLOCKS = YES;
				GCC_OPTIMIZATION_LEVEL = 0;
				GCC_PREPROCESSOR_DEFINITIONS = (
					"DEBUG=1",
					"$(inherited)",
				);
				GCC_SYMBOLS_PRIVATE_EXTERN = NO;
				GCC_WARN_64_TO_32_BIT_CONVERSION = YES;
				GCC_WARN_ABOUT_RETURN_TYPE = YES_ERROR;
				GCC_WARN_UNDECLARED_SELECTOR = YES;
				GCC_WARN_UNINITIALIZED_AUTOS = YES_AGGRESSIVE;
				GCC_WARN_UNUSED_FUNCTION = YES;
				GCC_WARN_UNUSED_VARIABLE = YES;
				IPHONEOS_DEPLOYMENT_TARGET = 8.3;
				MTL_ENABLE_DEBUG_INFO = YES;
				ONLY_ACTIVE_ARCH = YES;
				SDKROOT = iphoneos;
			};
			name = Debug;
		};
		925517FE1B319B300000520D /* Release */ = {
			isa = XCBuildConfiguration;
			buildSettings = {
				ALWAYS_SEARCH_USER_PATHS = NO;
				CLANG_CXX_LANGUAGE_STANDARD = "gnu++0x";
				CLANG_CXX_LIBRARY = "libc++";
				CLANG_ENABLE_MODULES = YES;
				CLANG_ENABLE_OBJC_ARC = YES;
				CLANG_WARN_BOOL_CONVERSION = YES;
				CLANG_WARN_CONSTANT_CONVERSION = YES;
				CLANG_WARN_DIRECT_OBJC_ISA_USAGE = YES_ERROR;
				CLANG_WARN_EMPTY_BODY = YES;
				CLANG_WARN_ENUM_CONVERSION = YES;
				CLANG_WARN_INT_CONVERSION = YES;
				CLANG_WARN_OBJC_ROOT_CLASS = YES_ERROR;
				CLANG_WARN_UNREACHABLE_CODE = YES;
				CLANG_WARN__DUPLICATE_METHOD_MATCH = YES;
				COPY_PHASE_STRIP = NO;
				DEBUG_INFORMATION_FORMAT = "dwarf-with-dsym";
				ENABLE_NS_ASSERTIONS = NO;
				ENABLE_STRICT_OBJC_MSGSEND = YES;
				GCC_C_LANGUAGE_STANDARD = gnu99;
				GCC_NO_COMMON_BLOCKS = YES;
				GCC_WARN_64_TO_32_BIT_CONVERSION = YES;
				GCC_WARN_ABOUT_RETURN_TYPE = YES_ERROR;
				GCC_WARN_UNDECLARED_SELECTOR = YES;
				GCC_WARN_UNINITIALIZED_AUTOS = YES_AGGRESSIVE;
				GCC_WARN_UNUSED_FUNCTION = YES;
				GCC_WARN_UNUSED_VARIABLE = YES;
				IPHONEOS_DEPLOYMENT_TARGET = 8.3;
				MTL_ENABLE_DEBUG_INFO = NO;
				SDKROOT = iphoneos;
				VALIDATE_PRODUCT = YES;
			};
			name = Release;
		};
		925518001B319B300000520D /* Debug */ = {
			isa = XCBuildConfiguration;
			buildSettings = {
				OTHER_LDFLAGS = "-ObjC";
				PRODUCT_NAME = "$(TARGET_NAME)";
				SKIP_INSTALL = YES;
			};
			name = Debug;
		};
		925518011B319B300000520D /* Release */ = {
			isa = XCBuildConfiguration;
			buildSettings = {
				OTHER_LDFLAGS = "-ObjC";
				PRODUCT_NAME = "$(TARGET_NAME)";
				SKIP_INSTALL = YES;
			};
			name = Release;
		};
		925518031B319B300000520D /* Debug */ = {
			isa = XCBuildConfiguration;
			buildSettings = {
				"CODE_SIGN_IDENTITY[sdk=iphoneos*]" = "iPhone Developer";
				FRAMEWORK_SEARCH_PATHS = (
					"$(SDKROOT)/Developer/Library/Frameworks",
					"$(inherited)",
				);
				GCC_PREPROCESSOR_DEFINITIONS = (
					"DEBUG=1",
					"$(inherited)",
				);
				INFOPLIST_FILE = APIClientTests/Info.plist;
				LD_RUNPATH_SEARCH_PATHS = "$(inherited) @executable_path/Frameworks @loader_path/Frameworks";
				PRODUCT_NAME = "$(TARGET_NAME)";
			};
			name = Debug;
		};
		925518041B319B300000520D /* Release */ = {
			isa = XCBuildConfiguration;
			buildSettings = {
				"CODE_SIGN_IDENTITY[sdk=iphoneos*]" = "iPhone Developer";
				FRAMEWORK_SEARCH_PATHS = (
					"$(SDKROOT)/Developer/Library/Frameworks",
					"$(inherited)",
				);
				INFOPLIST_FILE = APIClientTests/Info.plist;
				LD_RUNPATH_SEARCH_PATHS = "$(inherited) @executable_path/Frameworks @loader_path/Frameworks";
				PRODUCT_NAME = "$(TARGET_NAME)";
			};
			name = Release;
		};
/* End XCBuildConfiguration section */

/* Begin XCConfigurationList section */
		925517E61B319B300000520D /* Build configuration list for PBXProject "APIClient" */ = {
			isa = XCConfigurationList;
			buildConfigurations = (
				925517FD1B319B300000520D /* Debug */,
				925517FE1B319B300000520D /* Release */,
			);
			defaultConfigurationIsVisible = 0;
			defaultConfigurationName = Release;
		};
		925517FF1B319B300000520D /* Build configuration list for PBXNativeTarget "APIClient" */ = {
			isa = XCConfigurationList;
			buildConfigurations = (
				925518001B319B300000520D /* Debug */,
				925518011B319B300000520D /* Release */,
			);
			defaultConfigurationIsVisible = 0;
			defaultConfigurationName = Release;
		};
		925518021B319B300000520D /* Build configuration list for PBXNativeTarget "APIClientTests" */ = {
			isa = XCConfigurationList;
			buildConfigurations = (
				925518031B319B300000520D /* Debug */,
				925518041B319B300000520D /* Release */,
			);
			defaultConfigurationIsVisible = 0;
			defaultConfigurationName = Release;
		};
/* End XCConfigurationList section */
	};
	rootObject = 925517E31B319B300000520D /* Project object */;
}
